// !$*UTF8*$!
{
	archiveVersion = 1;
	classes = {
	};
	objectVersion = 55;
	objects = {

/* Begin PBXBuildFile section */
		40C6BB492743CC4F008A14AA /* FavoriteRecordings.swift in Sources */ = {isa = PBXBuildFile; fileRef = 40C6BB482743CC4F008A14AA /* FavoriteRecordings.swift */; };
		40DBDE122745244C00BE2938 /* FavoritesView.swift in Sources */ = {isa = PBXBuildFile; fileRef = 40DBDE112745244C00BE2938 /* FavoritesView.swift */; };
		5111C3EB2747A030006B0B55 /* MoodView.swift in Sources */ = {isa = PBXBuildFile; fileRef = 5111C3EA2747A02F006B0B55 /* MoodView.swift */; };
		5111C3ED2747A112006B0B55 /* ReasonsView.swift in Sources */ = {isa = PBXBuildFile; fileRef = 5111C3EC2747A112006B0B55 /* ReasonsView.swift */; };
		5119CA1B274519C50012AD00 /* ContentView.swift in Sources */ = {isa = PBXBuildFile; fileRef = 5119CA1A274519C50012AD00 /* ContentView.swift */; };
		512447C0274AE641003DF3BB /* PolarisDB.xcdatamodeld in Sources */ = {isa = PBXBuildFile; fileRef = 512447BE274AE641003DF3BB /* PolarisDB.xcdatamodeld */; };
		512447C2274AE71C003DF3BB /* CoreDataController.swift in Sources */ = {isa = PBXBuildFile; fileRef = 512447C1274AE71C003DF3BB /* CoreDataController.swift */; };
		518A1452274270B6009D1850 /* PolarisApp.swift in Sources */ = {isa = PBXBuildFile; fileRef = 518A1451274270B6009D1850 /* PolarisApp.swift */; };
		518A1454274270B6009D1850 /* TrackerView.swift in Sources */ = {isa = PBXBuildFile; fileRef = 518A1453274270B6009D1850 /* TrackerView.swift */; };
		518A1456274270B8009D1850 /* Assets.xcassets in Resources */ = {isa = PBXBuildFile; fileRef = 518A1455274270B8009D1850 /* Assets.xcassets */; };
		518A1459274270B8009D1850 /* Preview Assets.xcassets in Resources */ = {isa = PBXBuildFile; fileRef = 518A1458274270B8009D1850 /* Preview Assets.xcassets */; };
		518A1463274270B8009D1850 /* PolarisTests.swift in Sources */ = {isa = PBXBuildFile; fileRef = 518A1462274270B8009D1850 /* PolarisTests.swift */; };
		518A146D274270B8009D1850 /* PolarisUITests.swift in Sources */ = {isa = PBXBuildFile; fileRef = 518A146C274270B8009D1850 /* PolarisUITests.swift */; };
		518A146F274270B8009D1850 /* PolarisUITestsLaunchTests.swift in Sources */ = {isa = PBXBuildFile; fileRef = 518A146E274270B8009D1850 /* PolarisUITestsLaunchTests.swift */; };
		EFA2ECFD27465B0B0031583F /* ReasonsData.swift in Sources */ = {isa = PBXBuildFile; fileRef = EFA2ECFC27465B0B0031583F /* ReasonsData.swift */; };
		EFA2ED0027465B580031583F /* EmojiData.swift in Sources */ = {isa = PBXBuildFile; fileRef = EFA2ECFF27465B580031583F /* EmojiData.swift */; };
		EFA2ED0227465D8E0031583F /* HelperData.swift in Sources */ = {isa = PBXBuildFile; fileRef = EFA2ED0127465D8E0031583F /* HelperData.swift */; };
		EFA2ED0427465DC30031583F /* HelperModel.swift in Sources */ = {isa = PBXBuildFile; fileRef = EFA2ED0327465DC30031583F /* HelperModel.swift */; };
		EFA2ED0627465DF00031583F /* SplashView.swift in Sources */ = {isa = PBXBuildFile; fileRef = EFA2ED0527465DF00031583F /* SplashView.swift */; };
		EFA2ED0827465E1B0031583F /* HelpView.swift in Sources */ = {isa = PBXBuildFile; fileRef = EFA2ED0727465E1B0031583F /* HelpView.swift */; };
		EFA2ED0A27465E550031583F /* InformationsView.swift in Sources */ = {isa = PBXBuildFile; fileRef = EFA2ED0927465E550031583F /* InformationsView.swift */; };
		EFA2ED0C27465F400031583F /* NotificationModal.swift in Sources */ = {isa = PBXBuildFile; fileRef = EFA2ED0B27465F400031583F /* NotificationModal.swift */; };
		F71B5A322746676700648A51 /* EmojiSelectionView.swift in Sources */ = {isa = PBXBuildFile; fileRef = F71B5A312746676700648A51 /* EmojiSelectionView.swift */; };
		F71B5A34274667A900648A51 /* ReasonSelectionView.swift in Sources */ = {isa = PBXBuildFile; fileRef = F71B5A33274667A900648A51 /* ReasonSelectionView.swift */; };
		F73A65BA2743F9C700D40684 /* Emoji.swift in Sources */ = {isa = PBXBuildFile; fileRef = F73A65B92743F9C700D40684 /* Emoji.swift */; };
		F749151327490421008C1C5E /* ThoughtView.swift in Sources */ = {isa = PBXBuildFile; fileRef = F749151227490421008C1C5E /* ThoughtView.swift */; };
		F772C983274541BB00B2E3CA /* Reasons.swift in Sources */ = {isa = PBXBuildFile; fileRef = F772C9812745227D00B2E3CA /* Reasons.swift */; };
		F78B0201274B993300C30B85 /* Helper.swift in Sources */ = {isa = PBXBuildFile; fileRef = F78B0200274B993300C30B85 /* Helper.swift */; };
		F78B0203274B994100C30B85 /* Extensions.swift in Sources */ = {isa = PBXBuildFile; fileRef = F78B0202274B994100C30B85 /* Extensions.swift */; };
		F78B0205274B994B00C30B85 /* RecordingDataModel.swift in Sources */ = {isa = PBXBuildFile; fileRef = F78B0204274B994B00C30B85 /* RecordingDataModel.swift */; };
		F78B0207274B995A00C30B85 /* AudioRecorder.swift in Sources */ = {isa = PBXBuildFile; fileRef = F78B0206274B995A00C30B85 /* AudioRecorder.swift */; };
		F78B0209274B996100C30B85 /* AudioPlayer.swift in Sources */ = {isa = PBXBuildFile; fileRef = F78B0208274B996100C30B85 /* AudioPlayer.swift */; };
		F78B020B274B997E00C30B85 /* RecordingsList.swift in Sources */ = {isa = PBXBuildFile; fileRef = F78B020A274B997E00C30B85 /* RecordingsList.swift */; };
		F78B020D274B999D00C30B85 /* RecordView.swift in Sources */ = {isa = PBXBuildFile; fileRef = F78B020C274B999D00C30B85 /* RecordView.swift */; };
		F78B020F274B9FBE00C30B85 /* RecordingThoughtsView.swift in Sources */ = {isa = PBXBuildFile; fileRef = F78B020E274B9FBD00C30B85 /* RecordingThoughtsView.swift */; };
		F78B0211274BA62300C30B85 /* CreateThoughtView.swift in Sources */ = {isa = PBXBuildFile; fileRef = F78B0210274BA62300C30B85 /* CreateThoughtView.swift */; };
		F78B0213274BBAA600C30B85 /* WritingThoughts.swift in Sources */ = {isa = PBXBuildFile; fileRef = F78B0212274BBAA600C30B85 /* WritingThoughts.swift */; };
		F7BA256627490BAC00460B63 /* Thoughts.swift in Sources */ = {isa = PBXBuildFile; fileRef = F7BA256527490BAC00460B63 /* Thoughts.swift */; };
		F7C03FD027481B1A008078C8 /* Task.swift in Sources */ = {isa = PBXBuildFile; fileRef = F7C03FCF27481B1A008078C8 /* Task.swift */; };
		F7C03FD227481B40008078C8 /* DataValue.swift in Sources */ = {isa = PBXBuildFile; fileRef = F7C03FD127481B40008078C8 /* DataValue.swift */; };
		F7C03FD427481B65008078C8 /* CalendarView.swift in Sources */ = {isa = PBXBuildFile; fileRef = F7C03FD327481B65008078C8 /* CalendarView.swift */; };
		F7C03FD627481B86008078C8 /* CustomDataPicker.swift in Sources */ = {isa = PBXBuildFile; fileRef = F7C03FD527481B86008078C8 /* CustomDataPicker.swift */; };
		F7C03FD827481BA4008078C8 /* ModalView.swift in Sources */ = {isa = PBXBuildFile; fileRef = F7C03FD727481BA4008078C8 /* ModalView.swift */; };
		F7F04BB32743C49900C99E7C /* TodayView.swift in Sources */ = {isa = PBXBuildFile; fileRef = F7F04BB22743C49900C99E7C /* TodayView.swift */; };
/* End PBXBuildFile section */

/* Begin PBXContainerItemProxy section */
		518A145F274270B8009D1850 /* PBXContainerItemProxy */ = {
			isa = PBXContainerItemProxy;
			containerPortal = 518A1446274270B6009D1850 /* Project object */;
			proxyType = 1;
			remoteGlobalIDString = 518A144D274270B6009D1850;
			remoteInfo = Polaris;
		};
		518A1469274270B8009D1850 /* PBXContainerItemProxy */ = {
			isa = PBXContainerItemProxy;
			containerPortal = 518A1446274270B6009D1850 /* Project object */;
			proxyType = 1;
			remoteGlobalIDString = 518A144D274270B6009D1850;
			remoteInfo = Polaris;
		};
/* End PBXContainerItemProxy section */

/* Begin PBXFileReference section */
		40C6BB482743CC4F008A14AA /* FavoriteRecordings.swift */ = {isa = PBXFileReference; fileEncoding = 4; lastKnownFileType = sourcecode.swift; path = FavoriteRecordings.swift; sourceTree = "<group>"; };
		40DBDE112745244C00BE2938 /* FavoritesView.swift */ = {isa = PBXFileReference; lastKnownFileType = sourcecode.swift; path = FavoritesView.swift; sourceTree = "<group>"; };
		5111C3EA2747A02F006B0B55 /* MoodView.swift */ = {isa = PBXFileReference; lastKnownFileType = sourcecode.swift; path = MoodView.swift; sourceTree = "<group>"; };
		5111C3EC2747A112006B0B55 /* ReasonsView.swift */ = {isa = PBXFileReference; lastKnownFileType = sourcecode.swift; path = ReasonsView.swift; sourceTree = "<group>"; };
		5119CA1A274519C50012AD00 /* ContentView.swift */ = {isa = PBXFileReference; lastKnownFileType = sourcecode.swift; path = ContentView.swift; sourceTree = "<group>"; };
		512447BF274AE641003DF3BB /* PolarisDB.xcdatamodel */ = {isa = PBXFileReference; lastKnownFileType = wrapper.xcdatamodel; path = PolarisDB.xcdatamodel; sourceTree = "<group>"; };
		512447C1274AE71C003DF3BB /* CoreDataController.swift */ = {isa = PBXFileReference; lastKnownFileType = sourcecode.swift; path = CoreDataController.swift; sourceTree = "<group>"; };
		518A144E274270B6009D1850 /* Polaris.app */ = {isa = PBXFileReference; explicitFileType = wrapper.application; includeInIndex = 0; path = Polaris.app; sourceTree = BUILT_PRODUCTS_DIR; };
		518A1451274270B6009D1850 /* PolarisApp.swift */ = {isa = PBXFileReference; lastKnownFileType = sourcecode.swift; path = PolarisApp.swift; sourceTree = "<group>"; };
		518A1453274270B6009D1850 /* TrackerView.swift */ = {isa = PBXFileReference; lastKnownFileType = sourcecode.swift; path = TrackerView.swift; sourceTree = "<group>"; };
		518A1455274270B8009D1850 /* Assets.xcassets */ = {isa = PBXFileReference; lastKnownFileType = folder.assetcatalog; path = Assets.xcassets; sourceTree = "<group>"; };
		518A1458274270B8009D1850 /* Preview Assets.xcassets */ = {isa = PBXFileReference; lastKnownFileType = folder.assetcatalog; path = "Preview Assets.xcassets"; sourceTree = "<group>"; };
		518A145E274270B8009D1850 /* PolarisTests.xctest */ = {isa = PBXFileReference; explicitFileType = wrapper.cfbundle; includeInIndex = 0; path = PolarisTests.xctest; sourceTree = BUILT_PRODUCTS_DIR; };
		518A1462274270B8009D1850 /* PolarisTests.swift */ = {isa = PBXFileReference; lastKnownFileType = sourcecode.swift; path = PolarisTests.swift; sourceTree = "<group>"; };
		518A1468274270B8009D1850 /* PolarisUITests.xctest */ = {isa = PBXFileReference; explicitFileType = wrapper.cfbundle; includeInIndex = 0; path = PolarisUITests.xctest; sourceTree = BUILT_PRODUCTS_DIR; };
		518A146C274270B8009D1850 /* PolarisUITests.swift */ = {isa = PBXFileReference; lastKnownFileType = sourcecode.swift; path = PolarisUITests.swift; sourceTree = "<group>"; };
		518A146E274270B8009D1850 /* PolarisUITestsLaunchTests.swift */ = {isa = PBXFileReference; lastKnownFileType = sourcecode.swift; path = PolarisUITestsLaunchTests.swift; sourceTree = "<group>"; };
		EFA2ECFC27465B0B0031583F /* ReasonsData.swift */ = {isa = PBXFileReference; lastKnownFileType = sourcecode.swift; path = ReasonsData.swift; sourceTree = "<group>"; };
		EFA2ECFF27465B580031583F /* EmojiData.swift */ = {isa = PBXFileReference; lastKnownFileType = sourcecode.swift; path = EmojiData.swift; sourceTree = "<group>"; };
		EFA2ED0127465D8E0031583F /* HelperData.swift */ = {isa = PBXFileReference; lastKnownFileType = sourcecode.swift; path = HelperData.swift; sourceTree = "<group>"; };
		EFA2ED0327465DC30031583F /* HelperModel.swift */ = {isa = PBXFileReference; lastKnownFileType = sourcecode.swift; path = HelperModel.swift; sourceTree = "<group>"; };
		EFA2ED0527465DF00031583F /* SplashView.swift */ = {isa = PBXFileReference; lastKnownFileType = sourcecode.swift; path = SplashView.swift; sourceTree = "<group>"; };
		EFA2ED0727465E1B0031583F /* HelpView.swift */ = {isa = PBXFileReference; lastKnownFileType = sourcecode.swift; path = HelpView.swift; sourceTree = "<group>"; };
		EFA2ED0927465E550031583F /* InformationsView.swift */ = {isa = PBXFileReference; lastKnownFileType = sourcecode.swift; path = InformationsView.swift; sourceTree = "<group>"; };
		EFA2ED0B27465F400031583F /* NotificationModal.swift */ = {isa = PBXFileReference; lastKnownFileType = sourcecode.swift; path = NotificationModal.swift; sourceTree = "<group>"; };
		EFEA266E274B97740054D46F /* LargeButtonStyle.swift */ = {isa = PBXFileReference; lastKnownFileType = sourcecode.swift; path = LargeButtonStyle.swift; sourceTree = "<group>"; };
		F71B5A312746676700648A51 /* EmojiSelectionView.swift */ = {isa = PBXFileReference; lastKnownFileType = sourcecode.swift; path = EmojiSelectionView.swift; sourceTree = "<group>"; };
		F71B5A33274667A900648A51 /* ReasonSelectionView.swift */ = {isa = PBXFileReference; lastKnownFileType = sourcecode.swift; path = ReasonSelectionView.swift; sourceTree = "<group>"; };
		F73A65B92743F9C700D40684 /* Emoji.swift */ = {isa = PBXFileReference; lastKnownFileType = sourcecode.swift; path = Emoji.swift; sourceTree = "<group>"; };
		F749151227490421008C1C5E /* ThoughtView.swift */ = {isa = PBXFileReference; lastKnownFileType = sourcecode.swift; path = ThoughtView.swift; sourceTree = "<group>"; };
		F772C9812745227D00B2E3CA /* Reasons.swift */ = {isa = PBXFileReference; lastKnownFileType = sourcecode.swift; path = Reasons.swift; sourceTree = "<group>"; };
		F78B0200274B993300C30B85 /* Helper.swift */ = {isa = PBXFileReference; lastKnownFileType = sourcecode.swift; path = Helper.swift; sourceTree = "<group>"; };
		F78B0202274B994100C30B85 /* Extensions.swift */ = {isa = PBXFileReference; lastKnownFileType = sourcecode.swift; path = Extensions.swift; sourceTree = "<group>"; };
		F78B0204274B994B00C30B85 /* RecordingDataModel.swift */ = {isa = PBXFileReference; lastKnownFileType = sourcecode.swift; path = RecordingDataModel.swift; sourceTree = "<group>"; };
		F78B0206274B995A00C30B85 /* AudioRecorder.swift */ = {isa = PBXFileReference; lastKnownFileType = sourcecode.swift; path = AudioRecorder.swift; sourceTree = "<group>"; };
		F78B0208274B996100C30B85 /* AudioPlayer.swift */ = {isa = PBXFileReference; lastKnownFileType = sourcecode.swift; path = AudioPlayer.swift; sourceTree = "<group>"; };
		F78B020A274B997E00C30B85 /* RecordingsList.swift */ = {isa = PBXFileReference; lastKnownFileType = sourcecode.swift; path = RecordingsList.swift; sourceTree = "<group>"; };
		F78B020C274B999D00C30B85 /* RecordView.swift */ = {isa = PBXFileReference; lastKnownFileType = sourcecode.swift; path = RecordView.swift; sourceTree = "<group>"; };
		F78B020E274B9FBD00C30B85 /* RecordingThoughtsView.swift */ = {isa = PBXFileReference; lastKnownFileType = sourcecode.swift; path = RecordingThoughtsView.swift; sourceTree = "<group>"; };
		F78B0210274BA62300C30B85 /* CreateThoughtView.swift */ = {isa = PBXFileReference; lastKnownFileType = sourcecode.swift; path = CreateThoughtView.swift; sourceTree = "<group>"; };
		F78B0212274BBAA600C30B85 /* WritingThoughts.swift */ = {isa = PBXFileReference; lastKnownFileType = sourcecode.swift; path = WritingThoughts.swift; sourceTree = "<group>"; };
		F7BA256527490BAC00460B63 /* Thoughts.swift */ = {isa = PBXFileReference; lastKnownFileType = sourcecode.swift; path = Thoughts.swift; sourceTree = "<group>"; };
		F7C03FCF27481B1A008078C8 /* Task.swift */ = {isa = PBXFileReference; lastKnownFileType = sourcecode.swift; path = Task.swift; sourceTree = "<group>"; };
		F7C03FD127481B40008078C8 /* DataValue.swift */ = {isa = PBXFileReference; lastKnownFileType = sourcecode.swift; path = DataValue.swift; sourceTree = "<group>"; };
		F7C03FD327481B65008078C8 /* CalendarView.swift */ = {isa = PBXFileReference; lastKnownFileType = sourcecode.swift; path = CalendarView.swift; sourceTree = "<group>"; };
		F7C03FD527481B86008078C8 /* CustomDataPicker.swift */ = {isa = PBXFileReference; lastKnownFileType = sourcecode.swift; path = CustomDataPicker.swift; sourceTree = "<group>"; };
		F7C03FD727481BA4008078C8 /* ModalView.swift */ = {isa = PBXFileReference; lastKnownFileType = sourcecode.swift; path = ModalView.swift; sourceTree = "<group>"; };
		F7F04BB22743C49900C99E7C /* TodayView.swift */ = {isa = PBXFileReference; lastKnownFileType = sourcecode.swift; path = TodayView.swift; sourceTree = "<group>"; };
/* End PBXFileReference section */

/* Begin PBXFrameworksBuildPhase section */
		518A144B274270B6009D1850 /* Frameworks */ = {
			isa = PBXFrameworksBuildPhase;
			buildActionMask = 2147483647;
			files = (
			);
			runOnlyForDeploymentPostprocessing = 0;
		};
		518A145B274270B8009D1850 /* Frameworks */ = {
			isa = PBXFrameworksBuildPhase;
			buildActionMask = 2147483647;
			files = (
			);
			runOnlyForDeploymentPostprocessing = 0;
		};
		518A1465274270B8009D1850 /* Frameworks */ = {
			isa = PBXFrameworksBuildPhase;
			buildActionMask = 2147483647;
			files = (
			);
			runOnlyForDeploymentPostprocessing = 0;
		};
/* End PBXFrameworksBuildPhase section */

/* Begin PBXGroup section */
		518A1445274270B6009D1850 = {
			isa = PBXGroup;
			children = (
				512447BE274AE641003DF3BB /* PolarisDB.xcdatamodeld */,
				518A1450274270B6009D1850 /* Polaris */,
				518A1461274270B8009D1850 /* PolarisTests */,
				518A146B274270B8009D1850 /* PolarisUITests */,
				518A144F274270B6009D1850 /* Products */,
			);
			sourceTree = "<group>";
		};
		518A144F274270B6009D1850 /* Products */ = {
			isa = PBXGroup;
			children = (
				518A144E274270B6009D1850 /* Polaris.app */,
				518A145E274270B8009D1850 /* PolarisTests.xctest */,
				518A1468274270B8009D1850 /* PolarisUITests.xctest */,
			);
			name = Products;
			sourceTree = "<group>";
		};
		518A1450274270B6009D1850 /* Polaris */ = {
			isa = PBXGroup;
			children = (
				F772C984274541F900B2E3CA /* Model */,
				EFA2ECFE27465B120031583F /* Data */,
				F71B5A302746672D00648A51 /* ModelView */,
				F7C03FCD27481AD7008078C8 /* CalendarView */,
				F7C03FCE27481AE6008078C8 /* CalendarModel */,
				F78B01FF274B990A00C30B85 /* RecorderView */,
				F78B01FE274B97C200C30B85 /* Audio Managers */,
				F78B01FD274B979800C30B85 /* Div */,
				F7777052274558AC005DE740 /* View */,
				518A1451274270B6009D1850 /* PolarisApp.swift */,
				512447C1274AE71C003DF3BB /* CoreDataController.swift */,
				518A1455274270B8009D1850 /* Assets.xcassets */,
				518A1457274270B8009D1850 /* Preview Content */,
			);
			path = Polaris;
			sourceTree = "<group>";
		};
		518A1457274270B8009D1850 /* Preview Content */ = {
			isa = PBXGroup;
			children = (
				518A1458274270B8009D1850 /* Preview Assets.xcassets */,
			);
			path = "Preview Content";
			sourceTree = "<group>";
		};
		518A1461274270B8009D1850 /* PolarisTests */ = {
			isa = PBXGroup;
			children = (
				518A1462274270B8009D1850 /* PolarisTests.swift */,
			);
			path = PolarisTests;
			sourceTree = "<group>";
		};
		518A146B274270B8009D1850 /* PolarisUITests */ = {
			isa = PBXGroup;
			children = (
				518A146C274270B8009D1850 /* PolarisUITests.swift */,
				518A146E274270B8009D1850 /* PolarisUITestsLaunchTests.swift */,
			);
			path = PolarisUITests;
			sourceTree = "<group>";
		};
		EFA2ECFE27465B120031583F /* Data */ = {
			isa = PBXGroup;
			children = (
				EFA2ECFC27465B0B0031583F /* ReasonsData.swift */,
				EFA2ECFF27465B580031583F /* EmojiData.swift */,
				EFA2ED0127465D8E0031583F /* HelperData.swift */,
			);
			path = Data;
			sourceTree = "<group>";
		};
		F71B5A302746672D00648A51 /* ModelView */ = {
			isa = PBXGroup;
			children = (
				F71B5A33274667A900648A51 /* ReasonSelectionView.swift */,
				F71B5A312746676700648A51 /* EmojiSelectionView.swift */,
				5111C3EA2747A02F006B0B55 /* MoodView.swift */,
				5111C3EC2747A112006B0B55 /* ReasonsView.swift */,
				F749151227490421008C1C5E /* ThoughtView.swift */,
				F78B020E274B9FBD00C30B85 /* RecordingThoughtsView.swift */,
				F78B0210274BA62300C30B85 /* CreateThoughtView.swift */,
				F78B0212274BBAA600C30B85 /* WritingThoughts.swift */,
			);
			path = ModelView;
			sourceTree = "<group>";
		};
		F772C984274541F900B2E3CA /* Model */ = {
			isa = PBXGroup;
			children = (
				F772C9812745227D00B2E3CA /* Reasons.swift */,
				F73A65B92743F9C700D40684 /* Emoji.swift */,
				F7BA256527490BAC00460B63 /* Thoughts.swift */,
				EFA2ED0327465DC30031583F /* HelperModel.swift */,
			);
			path = Model;
			sourceTree = "<group>";
		};
		F7777052274558AC005DE740 /* View */ = {
			isa = PBXGroup;
			children = (
				EFA2ED0527465DF00031583F /* SplashView.swift */,
				F7C03FD327481B65008078C8 /* CalendarView.swift */,
				5119CA1A274519C50012AD00 /* ContentView.swift */,
				518A1453274270B6009D1850 /* TrackerView.swift */,
				EFEA266E274B97740054D46F /* LargeButtonStyle.swift */,
				F7F04BB22743C49900C99E7C /* TodayView.swift */,
				EFA2ED0B27465F400031583F /* NotificationModal.swift */,
				40C6BB482743CC4F008A14AA /* FavoriteRecordings.swift */,
				40DBDE112745244C00BE2938 /* FavoritesView.swift */,
				EFA2ED0727465E1B0031583F /* HelpView.swift */,
				EFA2ED0927465E550031583F /* InformationsView.swift */,
			);
			path = View;
			sourceTree = "<group>";
		};
		F78B01FD274B979800C30B85 /* Div */ = {
			isa = PBXGroup;
			children = (
				F78B0200274B993300C30B85 /* Helper.swift */,
				F78B0202274B994100C30B85 /* Extensions.swift */,
				F78B0204274B994B00C30B85 /* RecordingDataModel.swift */,
			);
			path = Div;
			sourceTree = "<group>";
		};
		F78B01FE274B97C200C30B85 /* Audio Managers */ = {
			isa = PBXGroup;
			children = (
				F78B0206274B995A00C30B85 /* AudioRecorder.swift */,
				F78B0208274B996100C30B85 /* AudioPlayer.swift */,
			);
			path = "Audio Managers";
			sourceTree = "<group>";
		};
		F78B01FF274B990A00C30B85 /* RecorderView */ = {
			isa = PBXGroup;
			children = (
				F78B020A274B997E00C30B85 /* RecordingsList.swift */,
				F78B020C274B999D00C30B85 /* RecordView.swift */,
			);
			path = RecorderView;
			sourceTree = "<group>";
		};
		F7C03FCD27481AD7008078C8 /* CalendarView */ = {
			isa = PBXGroup;
			children = (
				F7C03FD527481B86008078C8 /* CustomDataPicker.swift */,
				F7C03FD727481BA4008078C8 /* ModalView.swift */,
			);
			path = CalendarView;
			sourceTree = "<group>";
		};
		F7C03FCE27481AE6008078C8 /* CalendarModel */ = {
			isa = PBXGroup;
			children = (
				F7C03FCF27481B1A008078C8 /* Task.swift */,
				F7C03FD127481B40008078C8 /* DataValue.swift */,
			);
			path = CalendarModel;
			sourceTree = "<group>";
		};
/* End PBXGroup section */

/* Begin PBXNativeTarget section */
		518A144D274270B6009D1850 /* Polaris */ = {
			isa = PBXNativeTarget;
			buildConfigurationList = 518A1472274270B8009D1850 /* Build configuration list for PBXNativeTarget "Polaris" */;
			buildPhases = (
				518A144A274270B6009D1850 /* Sources */,
				518A144B274270B6009D1850 /* Frameworks */,
				518A144C274270B6009D1850 /* Resources */,
			);
			buildRules = (
			);
			dependencies = (
			);
			name = Polaris;
			productName = Polaris;
			productReference = 518A144E274270B6009D1850 /* Polaris.app */;
			productType = "com.apple.product-type.application";
		};
		518A145D274270B8009D1850 /* PolarisTests */ = {
			isa = PBXNativeTarget;
			buildConfigurationList = 518A1475274270B8009D1850 /* Build configuration list for PBXNativeTarget "PolarisTests" */;
			buildPhases = (
				518A145A274270B8009D1850 /* Sources */,
				518A145B274270B8009D1850 /* Frameworks */,
				518A145C274270B8009D1850 /* Resources */,
			);
			buildRules = (
			);
			dependencies = (
				518A1460274270B8009D1850 /* PBXTargetDependency */,
			);
			name = PolarisTests;
			productName = PolarisTests;
			productReference = 518A145E274270B8009D1850 /* PolarisTests.xctest */;
			productType = "com.apple.product-type.bundle.unit-test";
		};
		518A1467274270B8009D1850 /* PolarisUITests */ = {
			isa = PBXNativeTarget;
			buildConfigurationList = 518A1478274270B8009D1850 /* Build configuration list for PBXNativeTarget "PolarisUITests" */;
			buildPhases = (
				518A1464274270B8009D1850 /* Sources */,
				518A1465274270B8009D1850 /* Frameworks */,
				518A1466274270B8009D1850 /* Resources */,
			);
			buildRules = (
			);
			dependencies = (
				518A146A274270B8009D1850 /* PBXTargetDependency */,
			);
			name = PolarisUITests;
			productName = PolarisUITests;
			productReference = 518A1468274270B8009D1850 /* PolarisUITests.xctest */;
			productType = "com.apple.product-type.bundle.ui-testing";
		};
/* End PBXNativeTarget section */

/* Begin PBXProject section */
		518A1446274270B6009D1850 /* Project object */ = {
			isa = PBXProject;
			attributes = {
				BuildIndependentTargetsInParallel = 1;
				LastSwiftUpdateCheck = 1300;
				LastUpgradeCheck = 1300;
				TargetAttributes = {
					518A144D274270B6009D1850 = {
						CreatedOnToolsVersion = 13.0;
					};
					518A145D274270B8009D1850 = {
						CreatedOnToolsVersion = 13.0;
						TestTargetID = 518A144D274270B6009D1850;
					};
					518A1467274270B8009D1850 = {
						CreatedOnToolsVersion = 13.0;
						TestTargetID = 518A144D274270B6009D1850;
					};
				};
			};
			buildConfigurationList = 518A1449274270B6009D1850 /* Build configuration list for PBXProject "Polaris" */;
			compatibilityVersion = "Xcode 13.0";
			developmentRegion = en;
			hasScannedForEncodings = 0;
			knownRegions = (
				en,
				Base,
			);
			mainGroup = 518A1445274270B6009D1850;
			productRefGroup = 518A144F274270B6009D1850 /* Products */;
			projectDirPath = "";
			projectRoot = "";
			targets = (
				518A144D274270B6009D1850 /* Polaris */,
				518A145D274270B8009D1850 /* PolarisTests */,
				518A1467274270B8009D1850 /* PolarisUITests */,
			);
		};
/* End PBXProject section */

/* Begin PBXResourcesBuildPhase section */
		518A144C274270B6009D1850 /* Resources */ = {
			isa = PBXResourcesBuildPhase;
			buildActionMask = 2147483647;
			files = (
				518A1459274270B8009D1850 /* Preview Assets.xcassets in Resources */,
				518A1456274270B8009D1850 /* Assets.xcassets in Resources */,
			);
			runOnlyForDeploymentPostprocessing = 0;
		};
		518A145C274270B8009D1850 /* Resources */ = {
			isa = PBXResourcesBuildPhase;
			buildActionMask = 2147483647;
			files = (
			);
			runOnlyForDeploymentPostprocessing = 0;
		};
		518A1466274270B8009D1850 /* Resources */ = {
			isa = PBXResourcesBuildPhase;
			buildActionMask = 2147483647;
			files = (
			);
			runOnlyForDeploymentPostprocessing = 0;
		};
/* End PBXResourcesBuildPhase section */

/* Begin PBXSourcesBuildPhase section */
		518A144A274270B6009D1850 /* Sources */ = {
			isa = PBXSourcesBuildPhase;
			buildActionMask = 2147483647;
			files = (
				40C6BB492743CC4F008A14AA /* FavoriteRecordings.swift in Sources */,
				F78B020D274B999D00C30B85 /* RecordView.swift in Sources */,
				518A1454274270B6009D1850 /* TrackerView.swift in Sources */,
				F7C03FD427481B65008078C8 /* CalendarView.swift in Sources */,
				5111C3ED2747A112006B0B55 /* ReasonsView.swift in Sources */,
				512447C2274AE71C003DF3BB /* CoreDataController.swift in Sources */,
				F7C03FD227481B40008078C8 /* DataValue.swift in Sources */,
				EFA2ED0027465B580031583F /* EmojiData.swift in Sources */,
				F78B020B274B997E00C30B85 /* RecordingsList.swift in Sources */,
				EFA2ED0827465E1B0031583F /* HelpView.swift in Sources */,
				5119CA1B274519C50012AD00 /* ContentView.swift in Sources */,
				F749151327490421008C1C5E /* ThoughtView.swift in Sources */,
				5111C3EB2747A030006B0B55 /* MoodView.swift in Sources */,
				EFA2ED0227465D8E0031583F /* HelperData.swift in Sources */,
				EFA2ED0C27465F400031583F /* NotificationModal.swift in Sources */,
				F71B5A34274667A900648A51 /* ReasonSelectionView.swift in Sources */,
				F78B0211274BA62300C30B85 /* CreateThoughtView.swift in Sources */,
				F7C03FD627481B86008078C8 /* CustomDataPicker.swift in Sources */,
				F71B5A322746676700648A51 /* EmojiSelectionView.swift in Sources */,
				F772C983274541BB00B2E3CA /* Reasons.swift in Sources */,
				F78B0201274B993300C30B85 /* Helper.swift in Sources */,
				518A1452274270B6009D1850 /* PolarisApp.swift in Sources */,
				F78B0203274B994100C30B85 /* Extensions.swift in Sources */,
				F7BA256627490BAC00460B63 /* Thoughts.swift in Sources */,
				512447C0274AE641003DF3BB /* PolarisDB.xcdatamodeld in Sources */,
				40DBDE122745244C00BE2938 /* FavoritesView.swift in Sources */,
				EFA2ED0627465DF00031583F /* SplashView.swift in Sources */,
				F73A65BA2743F9C700D40684 /* Emoji.swift in Sources */,
				EFA2ED0427465DC30031583F /* HelperModel.swift in Sources */,
				EFA2ED0A27465E550031583F /* InformationsView.swift in Sources */,
				F78B0213274BBAA600C30B85 /* WritingThoughts.swift in Sources */,
				F78B0209274B996100C30B85 /* AudioPlayer.swift in Sources */,
				F78B0207274B995A00C30B85 /* AudioRecorder.swift in Sources */,
				F78B0205274B994B00C30B85 /* RecordingDataModel.swift in Sources */,
				EFA2ECFD27465B0B0031583F /* ReasonsData.swift in Sources */,
				F7C03FD027481B1A008078C8 /* Task.swift in Sources */,
				F7F04BB32743C49900C99E7C /* TodayView.swift in Sources */,
				F78B020F274B9FBE00C30B85 /* RecordingThoughtsView.swift in Sources */,
				F7C03FD827481BA4008078C8 /* ModalView.swift in Sources */,
			);
			runOnlyForDeploymentPostprocessing = 0;
		};
		518A145A274270B8009D1850 /* Sources */ = {
			isa = PBXSourcesBuildPhase;
			buildActionMask = 2147483647;
			files = (
				518A1463274270B8009D1850 /* PolarisTests.swift in Sources */,
			);
			runOnlyForDeploymentPostprocessing = 0;
		};
		518A1464274270B8009D1850 /* Sources */ = {
			isa = PBXSourcesBuildPhase;
			buildActionMask = 2147483647;
			files = (
				518A146D274270B8009D1850 /* PolarisUITests.swift in Sources */,
				518A146F274270B8009D1850 /* PolarisUITestsLaunchTests.swift in Sources */,
			);
			runOnlyForDeploymentPostprocessing = 0;
		};
/* End PBXSourcesBuildPhase section */

/* Begin PBXTargetDependency section */
		518A1460274270B8009D1850 /* PBXTargetDependency */ = {
			isa = PBXTargetDependency;
			target = 518A144D274270B6009D1850 /* Polaris */;
			targetProxy = 518A145F274270B8009D1850 /* PBXContainerItemProxy */;
		};
		518A146A274270B8009D1850 /* PBXTargetDependency */ = {
			isa = PBXTargetDependency;
			target = 518A144D274270B6009D1850 /* Polaris */;
			targetProxy = 518A1469274270B8009D1850 /* PBXContainerItemProxy */;
		};
/* End PBXTargetDependency section */

/* Begin XCBuildConfiguration section */
		518A1470274270B8009D1850 /* Debug */ = {
			isa = XCBuildConfiguration;
			buildSettings = {
				ALWAYS_SEARCH_USER_PATHS = NO;
				CLANG_ANALYZER_NONNULL = YES;
				CLANG_ANALYZER_NUMBER_OBJECT_CONVERSION = YES_AGGRESSIVE;
				CLANG_CXX_LANGUAGE_STANDARD = "gnu++17";
				CLANG_CXX_LIBRARY = "libc++";
				CLANG_ENABLE_MODULES = YES;
				CLANG_ENABLE_OBJC_ARC = YES;
				CLANG_ENABLE_OBJC_WEAK = YES;
				CLANG_WARN_BLOCK_CAPTURE_AUTORELEASING = YES;
				CLANG_WARN_BOOL_CONVERSION = YES;
				CLANG_WARN_COMMA = YES;
				CLANG_WARN_CONSTANT_CONVERSION = YES;
				CLANG_WARN_DEPRECATED_OBJC_IMPLEMENTATIONS = YES;
				CLANG_WARN_DIRECT_OBJC_ISA_USAGE = YES_ERROR;
				CLANG_WARN_DOCUMENTATION_COMMENTS = YES;
				CLANG_WARN_EMPTY_BODY = YES;
				CLANG_WARN_ENUM_CONVERSION = YES;
				CLANG_WARN_INFINITE_RECURSION = YES;
				CLANG_WARN_INT_CONVERSION = YES;
				CLANG_WARN_NON_LITERAL_NULL_CONVERSION = YES;
				CLANG_WARN_OBJC_IMPLICIT_RETAIN_SELF = YES;
				CLANG_WARN_OBJC_LITERAL_CONVERSION = YES;
				CLANG_WARN_OBJC_ROOT_CLASS = YES_ERROR;
				CLANG_WARN_QUOTED_INCLUDE_IN_FRAMEWORK_HEADER = YES;
				CLANG_WARN_RANGE_LOOP_ANALYSIS = YES;
				CLANG_WARN_STRICT_PROTOTYPES = YES;
				CLANG_WARN_SUSPICIOUS_MOVE = YES;
				CLANG_WARN_UNGUARDED_AVAILABILITY = YES_AGGRESSIVE;
				CLANG_WARN_UNREACHABLE_CODE = YES;
				CLANG_WARN__DUPLICATE_METHOD_MATCH = YES;
				COPY_PHASE_STRIP = NO;
				DEBUG_INFORMATION_FORMAT = dwarf;
				ENABLE_STRICT_OBJC_MSGSEND = YES;
				ENABLE_TESTABILITY = YES;
				GCC_C_LANGUAGE_STANDARD = gnu11;
				GCC_DYNAMIC_NO_PIC = NO;
				GCC_NO_COMMON_BLOCKS = YES;
				GCC_OPTIMIZATION_LEVEL = 0;
				GCC_PREPROCESSOR_DEFINITIONS = (
					"DEBUG=1",
					"$(inherited)",
				);
				GCC_WARN_64_TO_32_BIT_CONVERSION = YES;
				GCC_WARN_ABOUT_RETURN_TYPE = YES_ERROR;
				GCC_WARN_UNDECLARED_SELECTOR = YES;
				GCC_WARN_UNINITIALIZED_AUTOS = YES_AGGRESSIVE;
				GCC_WARN_UNUSED_FUNCTION = YES;
				GCC_WARN_UNUSED_VARIABLE = YES;
				IPHONEOS_DEPLOYMENT_TARGET = 15.0;
				MTL_ENABLE_DEBUG_INFO = INCLUDE_SOURCE;
				MTL_FAST_MATH = YES;
				ONLY_ACTIVE_ARCH = YES;
				SDKROOT = iphoneos;
				SWIFT_ACTIVE_COMPILATION_CONDITIONS = DEBUG;
				SWIFT_OPTIMIZATION_LEVEL = "-Onone";
			};
			name = Debug;
		};
		518A1471274270B8009D1850 /* Release */ = {
			isa = XCBuildConfiguration;
			buildSettings = {
				ALWAYS_SEARCH_USER_PATHS = NO;
				CLANG_ANALYZER_NONNULL = YES;
				CLANG_ANALYZER_NUMBER_OBJECT_CONVERSION = YES_AGGRESSIVE;
				CLANG_CXX_LANGUAGE_STANDARD = "gnu++17";
				CLANG_CXX_LIBRARY = "libc++";
				CLANG_ENABLE_MODULES = YES;
				CLANG_ENABLE_OBJC_ARC = YES;
				CLANG_ENABLE_OBJC_WEAK = YES;
				CLANG_WARN_BLOCK_CAPTURE_AUTORELEASING = YES;
				CLANG_WARN_BOOL_CONVERSION = YES;
				CLANG_WARN_COMMA = YES;
				CLANG_WARN_CONSTANT_CONVERSION = YES;
				CLANG_WARN_DEPRECATED_OBJC_IMPLEMENTATIONS = YES;
				CLANG_WARN_DIRECT_OBJC_ISA_USAGE = YES_ERROR;
				CLANG_WARN_DOCUMENTATION_COMMENTS = YES;
				CLANG_WARN_EMPTY_BODY = YES;
				CLANG_WARN_ENUM_CONVERSION = YES;
				CLANG_WARN_INFINITE_RECURSION = YES;
				CLANG_WARN_INT_CONVERSION = YES;
				CLANG_WARN_NON_LITERAL_NULL_CONVERSION = YES;
				CLANG_WARN_OBJC_IMPLICIT_RETAIN_SELF = YES;
				CLANG_WARN_OBJC_LITERAL_CONVERSION = YES;
				CLANG_WARN_OBJC_ROOT_CLASS = YES_ERROR;
				CLANG_WARN_QUOTED_INCLUDE_IN_FRAMEWORK_HEADER = YES;
				CLANG_WARN_RANGE_LOOP_ANALYSIS = YES;
				CLANG_WARN_STRICT_PROTOTYPES = YES;
				CLANG_WARN_SUSPICIOUS_MOVE = YES;
				CLANG_WARN_UNGUARDED_AVAILABILITY = YES_AGGRESSIVE;
				CLANG_WARN_UNREACHABLE_CODE = YES;
				CLANG_WARN__DUPLICATE_METHOD_MATCH = YES;
				COPY_PHASE_STRIP = NO;
				DEBUG_INFORMATION_FORMAT = "dwarf-with-dsym";
				ENABLE_NS_ASSERTIONS = NO;
				ENABLE_STRICT_OBJC_MSGSEND = YES;
				GCC_C_LANGUAGE_STANDARD = gnu11;
				GCC_NO_COMMON_BLOCKS = YES;
				GCC_WARN_64_TO_32_BIT_CONVERSION = YES;
				GCC_WARN_ABOUT_RETURN_TYPE = YES_ERROR;
				GCC_WARN_UNDECLARED_SELECTOR = YES;
				GCC_WARN_UNINITIALIZED_AUTOS = YES_AGGRESSIVE;
				GCC_WARN_UNUSED_FUNCTION = YES;
				GCC_WARN_UNUSED_VARIABLE = YES;
				IPHONEOS_DEPLOYMENT_TARGET = 15.0;
				MTL_ENABLE_DEBUG_INFO = NO;
				MTL_FAST_MATH = YES;
				SDKROOT = iphoneos;
				SWIFT_COMPILATION_MODE = wholemodule;
				SWIFT_OPTIMIZATION_LEVEL = "-O";
				VALIDATE_PRODUCT = YES;
			};
			name = Release;
		};
		518A1473274270B8009D1850 /* Debug */ = {
			isa = XCBuildConfiguration;
			buildSettings = {
				ASSETCATALOG_COMPILER_APPICON_NAME = AppIcon;
				ASSETCATALOG_COMPILER_GLOBAL_ACCENT_COLOR_NAME = AccentColor;
				CODE_SIGN_STYLE = Automatic;
				CURRENT_PROJECT_VERSION = 1;
				DEVELOPMENT_ASSET_PATHS = "\"Polaris/Preview Content\"";
				DEVELOPMENT_TEAM = W86559Y4YC;
				ENABLE_PREVIEWS = YES;
				GENERATE_INFOPLIST_FILE = YES;
				INFOPLIST_KEY_UIApplicationSceneManifest_Generation = YES;
				INFOPLIST_KEY_UIApplicationSupportsIndirectInputEvents = YES;
				INFOPLIST_KEY_UILaunchScreen_Generation = YES;
				INFOPLIST_KEY_UISupportedInterfaceOrientations_iPad = "UIInterfaceOrientationPortrait UIInterfaceOrientationPortraitUpsideDown UIInterfaceOrientationLandscapeLeft UIInterfaceOrientationLandscapeRight";
				INFOPLIST_KEY_UISupportedInterfaceOrientations_iPhone = "UIInterfaceOrientationPortrait UIInterfaceOrientationLandscapeLeft UIInterfaceOrientationLandscapeRight";
				IPHONEOS_DEPLOYMENT_TARGET = 14.0;
				LD_RUNPATH_SEARCH_PATHS = (
					"$(inherited)",
					"@executable_path/Frameworks",
				);
				MARKETING_VERSION = 1.0;
				PRODUCT_BUNDLE_IDENTIFIER = com.abigaildemicco.Polaris;
				PRODUCT_NAME = "$(TARGET_NAME)";
				SWIFT_EMIT_LOC_STRINGS = YES;
				SWIFT_VERSION = 5.0;
				TARGETED_DEVICE_FAMILY = "1,2";
			};
			name = Debug;
		};
		518A1474274270B8009D1850 /* Release */ = {
			isa = XCBuildConfiguration;
			buildSettings = {
				ASSETCATALOG_COMPILER_APPICON_NAME = AppIcon;
				ASSETCATALOG_COMPILER_GLOBAL_ACCENT_COLOR_NAME = AccentColor;
				CODE_SIGN_STYLE = Automatic;
				CURRENT_PROJECT_VERSION = 1;
				DEVELOPMENT_ASSET_PATHS = "\"Polaris/Preview Content\"";
				DEVELOPMENT_TEAM = W86559Y4YC;
				ENABLE_PREVIEWS = YES;
				GENERATE_INFOPLIST_FILE = YES;
				INFOPLIST_KEY_UIApplicationSceneManifest_Generation = YES;
				INFOPLIST_KEY_UIApplicationSupportsIndirectInputEvents = YES;
				INFOPLIST_KEY_UILaunchScreen_Generation = YES;
				INFOPLIST_KEY_UISupportedInterfaceOrientations_iPad = "UIInterfaceOrientationPortrait UIInterfaceOrientationPortraitUpsideDown UIInterfaceOrientationLandscapeLeft UIInterfaceOrientationLandscapeRight";
				INFOPLIST_KEY_UISupportedInterfaceOrientations_iPhone = "UIInterfaceOrientationPortrait UIInterfaceOrientationLandscapeLeft UIInterfaceOrientationLandscapeRight";
				IPHONEOS_DEPLOYMENT_TARGET = 14.0;
				LD_RUNPATH_SEARCH_PATHS = (
					"$(inherited)",
					"@executable_path/Frameworks",
				);
				MARKETING_VERSION = 1.0;
				PRODUCT_BUNDLE_IDENTIFIER = com.abigaildemicco.Polaris;
				PRODUCT_NAME = "$(TARGET_NAME)";
				SWIFT_EMIT_LOC_STRINGS = YES;
				SWIFT_VERSION = 5.0;
				TARGETED_DEVICE_FAMILY = "1,2";
			};
			name = Release;
		};
		518A1476274270B8009D1850 /* Debug */ = {
			isa = XCBuildConfiguration;
			buildSettings = {
				ALWAYS_EMBED_SWIFT_STANDARD_LIBRARIES = YES;
				BUNDLE_LOADER = "$(TEST_HOST)";
				CODE_SIGN_STYLE = Automatic;
				CURRENT_PROJECT_VERSION = 1;
				DEVELOPMENT_TEAM = W86559Y4YC;
				GENERATE_INFOPLIST_FILE = YES;
				IPHONEOS_DEPLOYMENT_TARGET = 14.0;
				LD_RUNPATH_SEARCH_PATHS = (
					"$(inherited)",
					"@executable_path/Frameworks",
					"@loader_path/Frameworks",
				);
				MARKETING_VERSION = 1.0;
				PRODUCT_BUNDLE_IDENTIFIER = com.abigaildemicco.PolarisTests;
				PRODUCT_NAME = "$(TARGET_NAME)";
				SWIFT_EMIT_LOC_STRINGS = NO;
				SWIFT_VERSION = 5.0;
				TARGETED_DEVICE_FAMILY = "1,2";
				TEST_HOST = "$(BUILT_PRODUCTS_DIR)/Polaris.app/Polaris";
			};
			name = Debug;
		};
		518A1477274270B8009D1850 /* Release */ = {
			isa = XCBuildConfiguration;
			buildSettings = {
				ALWAYS_EMBED_SWIFT_STANDARD_LIBRARIES = YES;
				BUNDLE_LOADER = "$(TEST_HOST)";
				CODE_SIGN_STYLE = Automatic;
				CURRENT_PROJECT_VERSION = 1;
				DEVELOPMENT_TEAM = W86559Y4YC;
				GENERATE_INFOPLIST_FILE = YES;
				IPHONEOS_DEPLOYMENT_TARGET = 14.0;
				LD_RUNPATH_SEARCH_PATHS = (
					"$(inherited)",
					"@executable_path/Frameworks",
					"@loader_path/Frameworks",
				);
				MARKETING_VERSION = 1.0;
				PRODUCT_BUNDLE_IDENTIFIER = com.abigaildemicco.PolarisTests;
				PRODUCT_NAME = "$(TARGET_NAME)";
				SWIFT_EMIT_LOC_STRINGS = NO;
				SWIFT_VERSION = 5.0;
				TARGETED_DEVICE_FAMILY = "1,2";
				TEST_HOST = "$(BUILT_PRODUCTS_DIR)/Polaris.app/Polaris";
			};
			name = Release;
		};
		518A1479274270B8009D1850 /* Debug */ = {
			isa = XCBuildConfiguration;
			buildSettings = {
				ALWAYS_EMBED_SWIFT_STANDARD_LIBRARIES = YES;
				CODE_SIGN_STYLE = Automatic;
				CURRENT_PROJECT_VERSION = 1;
				DEVELOPMENT_TEAM = W86559Y4YC;
				GENERATE_INFOPLIST_FILE = YES;
				LD_RUNPATH_SEARCH_PATHS = (
					"$(inherited)",
					"@executable_path/Frameworks",
					"@loader_path/Frameworks",
				);
				MARKETING_VERSION = 1.0;
				PRODUCT_BUNDLE_IDENTIFIER = com.abigaildemicco.PolarisUITests;
				PRODUCT_NAME = "$(TARGET_NAME)";
				SWIFT_EMIT_LOC_STRINGS = NO;
				SWIFT_VERSION = 5.0;
				TARGETED_DEVICE_FAMILY = "1,2";
				TEST_TARGET_NAME = Polaris;
			};
			name = Debug;
		};
		518A147A274270B8009D1850 /* Release */ = {
			isa = XCBuildConfiguration;
			buildSettings = {
				ALWAYS_EMBED_SWIFT_STANDARD_LIBRARIES = YES;
				CODE_SIGN_STYLE = Automatic;
				CURRENT_PROJECT_VERSION = 1;
				DEVELOPMENT_TEAM = W86559Y4YC;
				GENERATE_INFOPLIST_FILE = YES;
				LD_RUNPATH_SEARCH_PATHS = (
					"$(inherited)",
					"@executable_path/Frameworks",
					"@loader_path/Frameworks",
				);
				MARKETING_VERSION = 1.0;
				PRODUCT_BUNDLE_IDENTIFIER = com.abigaildemicco.PolarisUITests;
				PRODUCT_NAME = "$(TARGET_NAME)";
				SWIFT_EMIT_LOC_STRINGS = NO;
				SWIFT_VERSION = 5.0;
				TARGETED_DEVICE_FAMILY = "1,2";
				TEST_TARGET_NAME = Polaris;
			};
			name = Release;
		};
/* End XCBuildConfiguration section */

/* Begin XCConfigurationList section */
		518A1449274270B6009D1850 /* Build configuration list for PBXProject "Polaris" */ = {
			isa = XCConfigurationList;
			buildConfigurations = (
				518A1470274270B8009D1850 /* Debug */,
				518A1471274270B8009D1850 /* Release */,
			);
			defaultConfigurationIsVisible = 0;
			defaultConfigurationName = Release;
		};
		518A1472274270B8009D1850 /* Build configuration list for PBXNativeTarget "Polaris" */ = {
			isa = XCConfigurationList;
			buildConfigurations = (
				518A1473274270B8009D1850 /* Debug */,
				518A1474274270B8009D1850 /* Release */,
			);
			defaultConfigurationIsVisible = 0;
			defaultConfigurationName = Release;
		};
		518A1475274270B8009D1850 /* Build configuration list for PBXNativeTarget "PolarisTests" */ = {
			isa = XCConfigurationList;
			buildConfigurations = (
				518A1476274270B8009D1850 /* Debug */,
				518A1477274270B8009D1850 /* Release */,
			);
			defaultConfigurationIsVisible = 0;
			defaultConfigurationName = Release;
		};
		518A1478274270B8009D1850 /* Build configuration list for PBXNativeTarget "PolarisUITests" */ = {
			isa = XCConfigurationList;
			buildConfigurations = (
				518A1479274270B8009D1850 /* Debug */,
				518A147A274270B8009D1850 /* Release */,
			);
			defaultConfigurationIsVisible = 0;
			defaultConfigurationName = Release;
		};
/* End XCConfigurationList section */

/* Begin XCVersionGroup section */
		512447BE274AE641003DF3BB /* PolarisDB.xcdatamodeld */ = {
			isa = XCVersionGroup;
			children = (
				512447BF274AE641003DF3BB /* PolarisDB.xcdatamodel */,
			);
			currentVersion = 512447BF274AE641003DF3BB /* PolarisDB.xcdatamodel */;
			name = PolarisDB.xcdatamodeld;
			path = Polaris/PolarisDB.xcdatamodeld;
			sourceTree = "<group>";
			versionGroupType = wrapper.xcdatamodel;
		};
/* End XCVersionGroup section */
	};
	rootObject = 518A1446274270B6009D1850 /* Project object */;
}
